Microsoft Visual Studio Solution File, Format Version 12.00
# Visual Studio 2012
Project("{F184B08F-C81C-45F6-A57F-5ABD9991F28F}") = "FlipViewSample", "FlipViewSample\FlipViewSample.vbproj", "{10A6D41C-E4FC-4B6A-B420-718812AC094C}"
EndProject
Global
	GlobalSection(SolutionConfigurationPlatforms) = preSolution
		Debug|Any CPU = Debug|Any CPU
		Release|Any CPU = Release|Any CPU
	EndGlobalSection
	GlobalSection(ProjectConfigurationPlatforms) = postSolution
		{10A6D41C-E4FC-4B6A-B420-718812AC094C}.Debug|Any CPU.ActiveCfg = Debug|Any CPU
		{10A6D41C-E4FC-4B6A-B420-718812AC094C}.Debug|Any CPU.Build.0 = Debug|Any CPU
		{10A6D41C-E4FC-4B6A-B420-718812AC094C}.Release|Any CPU.ActiveCfg = Release|Any CPU
		{10A6D41C-E4FC-4B6A-B420-718812AC094C}.Release|Any CPU.Build.0 = Release|Any CPU
	EndGlobalSection
	GlobalSection(SolutionProperties) = preSolution
		HideSolutionNode = FALSE
	EndGlobalSection
EndGlobal
